# THIS IS AN AUTOGENERATED FILE. DO NOT EDIT THIS FILE DIRECTLY.
# yarn lockfile v1


escape-regex@^1.0.7:
  version "1.0.7"
  resolved "https://registry.yarnpkg.com/escape-regex/-/escape-regex-1.0.7.tgz#8cade58dcb97d1c15a092148d4562e4e621eb366"

event-router@^1.2.0:
  version "1.2.0"
  resolved "https://registry.yarnpkg.com/event-router/-/event-router-1.2.0.tgz#89258b6676b99d88af3531a56847fe658867ed0a"
  dependencies:
    escape-regex "^1.0.7"
    tofactory "^1.1.0"

tofactory@^1.1.0:
  version "1.1.1"
  resolved "https://registry.yarnpkg.com/tofactory/-/tofactory-1.1.1.tgz#c4e1eb1c0359cbe96e701b1b47d4b6400d81ecf3"
